
Microsoft Visual Studio Solution File, Format Version 12.00
# Visual Studio Version 17
VisualStudioVersion = 17.6.33815.320
MinimumVisualStudioVersion = 10.0.40219.1
Project("{FAE04EC0-301F-11D3-BF4B-00C04F79EFBC}") = "FiniteFieldCalcLogic", "FiniteFieldCalcLogic.csproj", "{A91CCA46-6176-4208-8EC6-C271677378A4}"
EndProject
Global
	GlobalSection(SolutionConfigurationPlatforms) = preSolution
		Debug|Any CPU = Debug|Any CPU
		Release|Any CPU = Release|Any CPU
	EndGlobalSection
	GlobalSection(ProjectConfigurationPlatforms) = postSolution
		{A91CCA46-6176-4208-8EC6-C271677378A4}.Debug|Any CPU.ActiveCfg = Debug|Any CPU
		{A91CCA46-6176-4208-8EC6-C271677378A4}.Debug|Any CPU.Build.0 = Debug|Any CPU
		{A91CCA46-6176-4208-8EC6-C271677378A4}.Release|Any CPU.ActiveCfg = Release|Any CPU
		{A91CCA46-6176-4208-8EC6-C271677378A4}.Release|Any CPU.Build.0 = Release|Any CPU
	EndGlobalSection
	GlobalSection(SolutionProperties) = preSolution
		HideSolutionNode = FALSE
	EndGlobalSection
	GlobalSection(ExtensibilityGlobals) = postSolution
		SolutionGuid = {70572E05-95AE-4796-B020-25EEA35F9EF4}
	EndGlobalSection
EndGlobal
